// !$*UTF8*$!
{
	archiveVersion = 1;
	classes = {
	};
	objectVersion = 56;
	objects = {

/* Begin PBXBuildFile section */
		ACBE8A2F2CE723B0001B8110 /* Fastlane_ExampleApp.swift in Sources */ = {isa = PBXBuildFile; fileRef = ACBE8A2E2CE723B0001B8110 /* Fastlane_ExampleApp.swift */; };
		ACBE8A312CE723B0001B8110 /* ContentView.swift in Sources */ = {isa = PBXBuildFile; fileRef = ACBE8A302CE723B0001B8110 /* ContentView.swift */; };
		ACBE8A332CE723B2001B8110 /* Assets.xcassets in Resources */ = {isa = PBXBuildFile; fileRef = ACBE8A322CE723B2001B8110 /* Assets.xcassets */; };
		ACBE8A362CE723B2001B8110 /* Preview Assets.xcassets in Resources */ = {isa = PBXBuildFile; fileRef = ACBE8A352CE723B2001B8110 /* Preview Assets.xcassets */; };
		ACBE8A402CE723B2001B8110 /* Fastlane_ExampleTests.swift in Sources */ = {isa = PBXBuildFile; fileRef = ACBE8A3F2CE723B2001B8110 /* Fastlane_ExampleTests.swift */; };
		ACBE8A4A2CE723B2001B8110 /* Fastlane_ExampleUITests.swift in Sources */ = {isa = PBXBuildFile; fileRef = ACBE8A492CE723B2001B8110 /* Fastlane_ExampleUITests.swift */; };
		ACBE8A4C2CE723B2001B8110 /* Fastlane_ExampleUITestsLaunchTests.swift in Sources */ = {isa = PBXBuildFile; fileRef = ACBE8A4B2CE723B2001B8110 /* Fastlane_ExampleUITestsLaunchTests.swift */; };
/* End PBXBuildFile section */

/* Begin PBXContainerItemProxy section */
		ACBE8A3C2CE723B2001B8110 /* PBXContainerItemProxy */ = {
			isa = PBXContainerItemProxy;
			containerPortal = ACBE8A232CE723B0001B8110 /* Project object */;
			proxyType = 1;
			remoteGlobalIDString = ACBE8A2A2CE723B0001B8110;
			remoteInfo = "Fastlane-Example";
		};
		ACBE8A462CE723B2001B8110 /* PBXContainerItemProxy */ = {
			isa = PBXContainerItemProxy;
			containerPortal = ACBE8A232CE723B0001B8110 /* Project object */;
			proxyType = 1;
			remoteGlobalIDString = ACBE8A2A2CE723B0001B8110;
			remoteInfo = "Fastlane-Example";
		};
/* End PBXContainerItemProxy section */

/* Begin PBXFileReference section */
		ACBE8A2B2CE723B0001B8110 /* Fastlane-Example.app */ = {isa = PBXFileReference; explicitFileType = wrapper.application; includeInIndex = 0; path = "Fastlane-Example.app"; sourceTree = BUILT_PRODUCTS_DIR; };
		ACBE8A2E2CE723B0001B8110 /* Fastlane_ExampleApp.swift */ = {isa = PBXFileReference; lastKnownFileType = sourcecode.swift; path = Fastlane_ExampleApp.swift; sourceTree = "<group>"; };
		ACBE8A302CE723B0001B8110 /* ContentView.swift */ = {isa = PBXFileReference; lastKnownFileType = sourcecode.swift; path = ContentView.swift; sourceTree = "<group>"; };
		ACBE8A322CE723B2001B8110 /* Assets.xcassets */ = {isa = PBXFileReference; lastKnownFileType = folder.assetcatalog; path = Assets.xcassets; sourceTree = "<group>"; };
		ACBE8A352CE723B2001B8110 /* Preview Assets.xcassets */ = {isa = PBXFileReference; lastKnownFileType = folder.assetcatalog; path = "Preview Assets.xcassets"; sourceTree = "<group>"; };
		ACBE8A3B2CE723B2001B8110 /* Fastlane-ExampleTests.xctest */ = {isa = PBXFileReference; explicitFileType = wrapper.cfbundle; includeInIndex = 0; path = "Fastlane-ExampleTests.xctest"; sourceTree = BUILT_PRODUCTS_DIR; };
		ACBE8A3F2CE723B2001B8110 /* Fastlane_ExampleTests.swift */ = {isa = PBXFileReference; lastKnownFileType = sourcecode.swift; path = Fastlane_ExampleTests.swift; sourceTree = "<group>"; };
		ACBE8A452CE723B2001B8110 /* Fastlane-ExampleUITests.xctest */ = {isa = PBXFileReference; explicitFileType = wrapper.cfbundle; includeInIndex = 0; path = "Fastlane-ExampleUITests.xctest"; sourceTree = BUILT_PRODUCTS_DIR; };
		ACBE8A492CE723B2001B8110 /* Fastlane_ExampleUITests.swift */ = {isa = PBXFileReference; lastKnownFileType = sourcecode.swift; path = Fastlane_ExampleUITests.swift; sourceTree = "<group>"; };
		ACBE8A4B2CE723B2001B8110 /* Fastlane_ExampleUITestsLaunchTests.swift */ = {isa = PBXFileReference; lastKnownFileType = sourcecode.swift; path = Fastlane_ExampleUITestsLaunchTests.swift; sourceTree = "<group>"; };
/* End PBXFileReference section */

/* Begin PBXFrameworksBuildPhase section */
		ACBE8A282CE723B0001B8110 /* Frameworks */ = {
			isa = PBXFrameworksBuildPhase;
			buildActionMask = 2147483647;
			files = (
			);
			runOnlyForDeploymentPostprocessing = 0;
		};
		ACBE8A382CE723B2001B8110 /* Frameworks */ = {
			isa = PBXFrameworksBuildPhase;
			buildActionMask = 2147483647;
			files = (
			);
			runOnlyForDeploymentPostprocessing = 0;
		};
		ACBE8A422CE723B2001B8110 /* Frameworks */ = {
			isa = PBXFrameworksBuildPhase;
			buildActionMask = 2147483647;
			files = (
			);
			runOnlyForDeploymentPostprocessing = 0;
		};
/* End PBXFrameworksBuildPhase section */

/* Begin PBXGroup section */
		ACBE8A222CE723B0001B8110 = {
			isa = PBXGroup;
			children = (
				ACBE8A2D2CE723B0001B8110 /* Fastlane-Example */,
				ACBE8A3E2CE723B2001B8110 /* Fastlane-ExampleTests */,
				ACBE8A482CE723B2001B8110 /* Fastlane-ExampleUITests */,
				ACBE8A2C2CE723B0001B8110 /* Products */,
			);
			sourceTree = "<group>";
		};
		ACBE8A2C2CE723B0001B8110 /* Products */ = {
			isa = PBXGroup;
			children = (
				ACBE8A2B2CE723B0001B8110 /* Fastlane-Example.app */,
				ACBE8A3B2CE723B2001B8110 /* Fastlane-ExampleTests.xctest */,
				ACBE8A452CE723B2001B8110 /* Fastlane-ExampleUITests.xctest */,
			);
			name = Products;
			sourceTree = "<group>";
		};
		ACBE8A2D2CE723B0001B8110 /* Fastlane-Example */ = {
			isa = PBXGroup;
			children = (
				ACBE8A2E2CE723B0001B8110 /* Fastlane_ExampleApp.swift */,
				ACBE8A302CE723B0001B8110 /* ContentView.swift */,
				ACBE8A322CE723B2001B8110 /* Assets.xcassets */,
				ACBE8A342CE723B2001B8110 /* Preview Content */,
			);
			path = "Fastlane-Example";
			sourceTree = "<group>";
		};
		ACBE8A342CE723B2001B8110 /* Preview Content */ = {
			isa = PBXGroup;
			children = (
				ACBE8A352CE723B2001B8110 /* Preview Assets.xcassets */,
			);
			path = "Preview Content";
			sourceTree = "<group>";
		};
		ACBE8A3E2CE723B2001B8110 /* Fastlane-ExampleTests */ = {
			isa = PBXGroup;
			children = (
				ACBE8A3F2CE723B2001B8110 /* Fastlane_ExampleTests.swift */,
			);
			path = "Fastlane-ExampleTests";
			sourceTree = "<group>";
		};
		ACBE8A482CE723B2001B8110 /* Fastlane-ExampleUITests */ = {
			isa = PBXGroup;
			children = (
				ACBE8A492CE723B2001B8110 /* Fastlane_ExampleUITests.swift */,
				ACBE8A4B2CE723B2001B8110 /* Fastlane_ExampleUITestsLaunchTests.swift */,
			);
			path = "Fastlane-ExampleUITests";
			sourceTree = "<group>";
		};
/* End PBXGroup section */

/* Begin PBXNativeTarget section */
		ACBE8A2A2CE723B0001B8110 /* Fastlane-Example */ = {
			isa = PBXNativeTarget;
			buildConfigurationList = ACBE8A4F2CE723B2001B8110 /* Build configuration list for PBXNativeTarget "Fastlane-Example" */;
			buildPhases = (
				ACBE8A272CE723B0001B8110 /* Sources */,
				ACBE8A282CE723B0001B8110 /* Frameworks */,
				ACBE8A292CE723B0001B8110 /* Resources */,
			);
			buildRules = (
			);
			dependencies = (
			);
			name = "Fastlane-Example";
			productName = "Fastlane-Example";
			productReference = ACBE8A2B2CE723B0001B8110 /* Fastlane-Example.app */;
			productType = "com.apple.product-type.application";
		};
		ACBE8A3A2CE723B2001B8110 /* Fastlane-ExampleTests */ = {
			isa = PBXNativeTarget;
			buildConfigurationList = ACBE8A522CE723B2001B8110 /* Build configuration list for PBXNativeTarget "Fastlane-ExampleTests" */;
			buildPhases = (
				ACBE8A372CE723B2001B8110 /* Sources */,
				ACBE8A382CE723B2001B8110 /* Frameworks */,
				ACBE8A392CE723B2001B8110 /* Resources */,
			);
			buildRules = (
			);
			dependencies = (
				ACBE8A3D2CE723B2001B8110 /* PBXTargetDependency */,
			);
			name = "Fastlane-ExampleTests";
			productName = "Fastlane-ExampleTests";
			productReference = ACBE8A3B2CE723B2001B8110 /* Fastlane-ExampleTests.xctest */;
			productType = "com.apple.product-type.bundle.unit-test";
		};
		ACBE8A442CE723B2001B8110 /* Fastlane-ExampleUITests */ = {
			isa = PBXNativeTarget;
			buildConfigurationList = ACBE8A552CE723B2001B8110 /* Build configuration list for PBXNativeTarget "Fastlane-ExampleUITests" */;
			buildPhases = (
				ACBE8A412CE723B2001B8110 /* Sources */,
				ACBE8A422CE723B2001B8110 /* Frameworks */,
				ACBE8A432CE723B2001B8110 /* Resources */,
			);
			buildRules = (
			);
			dependencies = (
				ACBE8A472CE723B2001B8110 /* PBXTargetDependency */,
			);
			name = "Fastlane-ExampleUITests";
			productName = "Fastlane-ExampleUITests";
			productReference = ACBE8A452CE723B2001B8110 /* Fastlane-ExampleUITests.xctest */;
			productType = "com.apple.product-type.bundle.ui-testing";
		};
/* End PBXNativeTarget section */

/* Begin PBXProject section */
		ACBE8A232CE723B0001B8110 /* Project object */ = {
			isa = PBXProject;
			attributes = {
				BuildIndependentTargetsInParallel = 1;
				LastSwiftUpdateCheck = 1540;
				LastUpgradeCheck = 1540;
				TargetAttributes = {
					ACBE8A2A2CE723B0001B8110 = {
						CreatedOnToolsVersion = 15.4;
					};
					ACBE8A3A2CE723B2001B8110 = {
						CreatedOnToolsVersion = 15.4;
						TestTargetID = ACBE8A2A2CE723B0001B8110;
					};
					ACBE8A442CE723B2001B8110 = {
						CreatedOnToolsVersion = 15.4;
						TestTargetID = ACBE8A2A2CE723B0001B8110;
					};
				};
			};
			buildConfigurationList = ACBE8A262CE723B0001B8110 /* Build configuration list for PBXProject "Fastlane-Example" */;
			compatibilityVersion = "Xcode 14.0";
			developmentRegion = en;
			hasScannedForEncodings = 0;
			knownRegions = (
				en,
				Base,
			);
			mainGroup = ACBE8A222CE723B0001B8110;
			productRefGroup = ACBE8A2C2CE723B0001B8110 /* Products */;
			projectDirPath = "";
			projectRoot = "";
			targets = (
				ACBE8A2A2CE723B0001B8110 /* Fastlane-Example */,
				ACBE8A3A2CE723B2001B8110 /* Fastlane-ExampleTests */,
				ACBE8A442CE723B2001B8110 /* Fastlane-ExampleUITests */,
			);
		};
/* End PBXProject section */

/* Begin PBXResourcesBuildPhase section */
		ACBE8A292CE723B0001B8110 /* Resources */ = {
			isa = PBXResourcesBuildPhase;
			buildActionMask = 2147483647;
			files = (
				ACBE8A362CE723B2001B8110 /* Preview Assets.xcassets in Resources */,
				ACBE8A332CE723B2001B8110 /* Assets.xcassets in Resources */,
			);
			runOnlyForDeploymentPostprocessing = 0;
		};
		ACBE8A392CE723B2001B8110 /* Resources */ = {
			isa = PBXResourcesBuildPhase;
			buildActionMask = 2147483647;
			files = (
			);
			runOnlyForDeploymentPostprocessing = 0;
		};
		ACBE8A432CE723B2001B8110 /* Resources */ = {
			isa = PBXResourcesBuildPhase;
			buildActionMask = 2147483647;
			files = (
			);
			runOnlyForDeploymentPostprocessing = 0;
		};
/* End PBXResourcesBuildPhase section */

/* Begin PBXSourcesBuildPhase section */
		ACBE8A272CE723B0001B8110 /* Sources */ = {
			isa = PBXSourcesBuildPhase;
			buildActionMask = 2147483647;
			files = (
				ACBE8A312CE723B0001B8110 /* ContentView.swift in Sources */,
				ACBE8A2F2CE723B0001B8110 /* Fastlane_ExampleApp.swift in Sources */,
			);
			runOnlyForDeploymentPostprocessing = 0;
		};
		ACBE8A372CE723B2001B8110 /* Sources */ = {
			isa = PBXSourcesBuildPhase;
			buildActionMask = 2147483647;
			files = (
				ACBE8A402CE723B2001B8110 /* Fastlane_ExampleTests.swift in Sources */,
			);
			runOnlyForDeploymentPostprocessing = 0;
		};
		ACBE8A412CE723B2001B8110 /* Sources */ = {
			isa = PBXSourcesBuildPhase;
			buildActionMask = 2147483647;
			files = (
				ACBE8A4A2CE723B2001B8110 /* Fastlane_ExampleUITests.swift in Sources */,
				ACBE8A4C2CE723B2001B8110 /* Fastlane_ExampleUITestsLaunchTests.swift in Sources */,
			);
			runOnlyForDeploymentPostprocessing = 0;
		};
/* End PBXSourcesBuildPhase section */

/* Begin PBXTargetDependency section */
		ACBE8A3D2CE723B2001B8110 /* PBXTargetDependency */ = {
			isa = PBXTargetDependency;
			target = ACBE8A2A2CE723B0001B8110 /* Fastlane-Example */;
			targetProxy = ACBE8A3C2CE723B2001B8110 /* PBXContainerItemProxy */;
		};
		ACBE8A472CE723B2001B8110 /* PBXTargetDependency */ = {
			isa = PBXTargetDependency;
			target = ACBE8A2A2CE723B0001B8110 /* Fastlane-Example */;
			targetProxy = ACBE8A462CE723B2001B8110 /* PBXContainerItemProxy */;
		};
/* End PBXTargetDependency section */

/* Begin XCBuildConfiguration section */
		ACBE8A4D2CE723B2001B8110 /* Debug */ = {
			isa = XCBuildConfiguration;
			buildSettings = {
				ALWAYS_SEARCH_USER_PATHS = NO;
				ASSETCATALOG_COMPILER_GENERATE_SWIFT_ASSET_SYMBOL_EXTENSIONS = YES;
				CLANG_ANALYZER_NONNULL = YES;
				CLANG_ANALYZER_NUMBER_OBJECT_CONVERSION = YES_AGGRESSIVE;
				CLANG_CXX_LANGUAGE_STANDARD = "gnu++20";
				CLANG_ENABLE_MODULES = YES;
				CLANG_ENABLE_OBJC_ARC = YES;
				CLANG_ENABLE_OBJC_WEAK = YES;
				CLANG_WARN_BLOCK_CAPTURE_AUTORELEASING = YES;
				CLANG_WARN_BOOL_CONVERSION = YES;
				CLANG_WARN_COMMA = YES;
				CLANG_WARN_CONSTANT_CONVERSION = YES;
				CLANG_WARN_DEPRECATED_OBJC_IMPLEMENTATIONS = YES;
				CLANG_WARN_DIRECT_OBJC_ISA_USAGE = YES_ERROR;
				CLANG_WARN_DOCUMENTATION_COMMENTS = YES;
				CLANG_WARN_EMPTY_BODY = YES;
				CLANG_WARN_ENUM_CONVERSION = YES;
				CLANG_WARN_INFINITE_RECURSION = YES;
				CLANG_WARN_INT_CONVERSION = YES;
				CLANG_WARN_NON_LITERAL_NULL_CONVERSION = YES;
				CLANG_WARN_OBJC_IMPLICIT_RETAIN_SELF = YES;
				CLANG_WARN_OBJC_LITERAL_CONVERSION = YES;
				CLANG_WARN_OBJC_ROOT_CLASS = YES_ERROR;
				CLANG_WARN_QUOTED_INCLUDE_IN_FRAMEWORK_HEADER = YES;
				CLANG_WARN_RANGE_LOOP_ANALYSIS = YES;
				CLANG_WARN_STRICT_PROTOTYPES = YES;
				CLANG_WARN_SUSPICIOUS_MOVE = YES;
				CLANG_WARN_UNGUARDED_AVAILABILITY = YES_AGGRESSIVE;
				CLANG_WARN_UNREACHABLE_CODE = YES;
				CLANG_WARN__DUPLICATE_METHOD_MATCH = YES;
				COPY_PHASE_STRIP = NO;
				DEBUG_INFORMATION_FORMAT = dwarf;
				ENABLE_STRICT_OBJC_MSGSEND = YES;
				ENABLE_TESTABILITY = YES;
				ENABLE_USER_SCRIPT_SANDBOXING = YES;
				GCC_C_LANGUAGE_STANDARD = gnu17;
				GCC_DYNAMIC_NO_PIC = NO;
				GCC_NO_COMMON_BLOCKS = YES;
				GCC_OPTIMIZATION_LEVEL = 0;
				GCC_PREPROCESSOR_DEFINITIONS = (
					"DEBUG=1",
					"$(inherited)",
				);
				GCC_WARN_64_TO_32_BIT_CONVERSION = YES;
				GCC_WARN_ABOUT_RETURN_TYPE = YES_ERROR;
				GCC_WARN_UNDECLARED_SELECTOR = YES;
				GCC_WARN_UNINITIALIZED_AUTOS = YES_AGGRESSIVE;
				GCC_WARN_UNUSED_FUNCTION = YES;
				GCC_WARN_UNUSED_VARIABLE = YES;
				IPHONEOS_DEPLOYMENT_TARGET = 17.5;
				LOCALIZATION_PREFERS_STRING_CATALOGS = YES;
				MTL_ENABLE_DEBUG_INFO = INCLUDE_SOURCE;
				MTL_FAST_MATH = YES;
				ONLY_ACTIVE_ARCH = YES;
				SDKROOT = iphoneos;
				SWIFT_ACTIVE_COMPILATION_CONDITIONS = "DEBUG $(inherited)";
				SWIFT_OPTIMIZATION_LEVEL = "-Onone";
			};
			name = Debug;
		};
		ACBE8A4E2CE723B2001B8110 /* Release */ = {
			isa = XCBuildConfiguration;
			buildSettings = {
				ALWAYS_SEARCH_USER_PATHS = NO;
				ASSETCATALOG_COMPILER_GENERATE_SWIFT_ASSET_SYMBOL_EXTENSIONS = YES;
				CLANG_ANALYZER_NONNULL = YES;
				CLANG_ANALYZER_NUMBER_OBJECT_CONVERSION = YES_AGGRESSIVE;
				CLANG_CXX_LANGUAGE_STANDARD = "gnu++20";
				CLANG_ENABLE_MODULES = YES;
				CLANG_ENABLE_OBJC_ARC = YES;
				CLANG_ENABLE_OBJC_WEAK = YES;
				CLANG_WARN_BLOCK_CAPTURE_AUTORELEASING = YES;
				CLANG_WARN_BOOL_CONVERSION = YES;
				CLANG_WARN_COMMA = YES;
				CLANG_WARN_CONSTANT_CONVERSION = YES;
				CLANG_WARN_DEPRECATED_OBJC_IMPLEMENTATIONS = YES;
				CLANG_WARN_DIRECT_OBJC_ISA_USAGE = YES_ERROR;
				CLANG_WARN_DOCUMENTATION_COMMENTS = YES;
				CLANG_WARN_EMPTY_BODY = YES;
				CLANG_WARN_ENUM_CONVERSION = YES;
				CLANG_WARN_INFINITE_RECURSION = YES;
				CLANG_WARN_INT_CONVERSION = YES;
				CLANG_WARN_NON_LITERAL_NULL_CONVERSION = YES;
				CLANG_WARN_OBJC_IMPLICIT_RETAIN_SELF = YES;
				CLANG_WARN_OBJC_LITERAL_CONVERSION = YES;
				CLANG_WARN_OBJC_ROOT_CLASS = YES_ERROR;
				CLANG_WARN_QUOTED_INCLUDE_IN_FRAMEWORK_HEADER = YES;
				CLANG_WARN_RANGE_LOOP_ANALYSIS = YES;
				CLANG_WARN_STRICT_PROTOTYPES = YES;
				CLANG_WARN_SUSPICIOUS_MOVE = YES;
				CLANG_WARN_UNGUARDED_AVAILABILITY = YES_AGGRESSIVE;
				CLANG_WARN_UNREACHABLE_CODE = YES;
				CLANG_WARN__DUPLICATE_METHOD_MATCH = YES;
				COPY_PHASE_STRIP = NO;
				DEBUG_INFORMATION_FORMAT = "dwarf-with-dsym";
				ENABLE_NS_ASSERTIONS = NO;
				ENABLE_STRICT_OBJC_MSGSEND = YES;
				ENABLE_USER_SCRIPT_SANDBOXING = YES;
				GCC_C_LANGUAGE_STANDARD = gnu17;
				GCC_NO_COMMON_BLOCKS = YES;
				GCC_WARN_64_TO_32_BIT_CONVERSION = YES;
				GCC_WARN_ABOUT_RETURN_TYPE = YES_ERROR;
				GCC_WARN_UNDECLARED_SELECTOR = YES;
				GCC_WARN_UNINITIALIZED_AUTOS = YES_AGGRESSIVE;
				GCC_WARN_UNUSED_FUNCTION = YES;
				GCC_WARN_UNUSED_VARIABLE = YES;
				IPHONEOS_DEPLOYMENT_TARGET = 17.5;
				LOCALIZATION_PREFERS_STRING_CATALOGS = YES;
				MTL_ENABLE_DEBUG_INFO = NO;
				MTL_FAST_MATH = YES;
				SDKROOT = iphoneos;
				SWIFT_COMPILATION_MODE = wholemodule;
				VALIDATE_PRODUCT = YES;
			};
			name = Release;
		};
		ACBE8A502CE723B2001B8110 /* Debug */ = {
			isa = XCBuildConfiguration;
			buildSettings = {
				ASSETCATALOG_COMPILER_APPICON_NAME = AppIcon;
				ASSETCATALOG_COMPILER_GLOBAL_ACCENT_COLOR_NAME = AccentColor;
				CODE_SIGN_STYLE = Automatic;
				CURRENT_PROJECT_VERSION = 1;
				DEVELOPMENT_ASSET_PATHS = "\"Fastlane-Example/Preview Content\"";
				DEVELOPMENT_TEAM = DC8GM39E89;
				ENABLE_PREVIEWS = YES;
				GENERATE_INFOPLIST_FILE = YES;
				INFOPLIST_KEY_UIApplicationSceneManifest_Generation = YES;
				INFOPLIST_KEY_UIApplicationSupportsIndirectInputEvents = YES;
				INFOPLIST_KEY_UILaunchScreen_Generation = YES;
				INFOPLIST_KEY_UISupportedInterfaceOrientations_iPad = "UIInterfaceOrientationPortrait UIInterfaceOrientationPortraitUpsideDown UIInterfaceOrientationLandscapeLeft UIInterfaceOrientationLandscapeRight";
				INFOPLIST_KEY_UISupportedInterfaceOrientations_iPhone = "UIInterfaceOrientationPortrait UIInterfaceOrientationLandscapeLeft UIInterfaceOrientationLandscapeRight";
				LD_RUNPATH_SEARCH_PATHS = (
					"$(inherited)",
					"@executable_path/Frameworks",
				);
				MARKETING_VERSION = 1.0;
				PRODUCT_BUNDLE_IDENTIFIER = "com.ukseung.Fastlane-Example";
				PRODUCT_NAME = "$(TARGET_NAME)";
				SWIFT_EMIT_LOC_STRINGS = YES;
				SWIFT_VERSION = 5.0;
				TARGETED_DEVICE_FAMILY = "1,2";
			};
			name = Debug;
		};
		ACBE8A512CE723B2001B8110 /* Release */ = {
			isa = XCBuildConfiguration;
			buildSettings = {
				ASSETCATALOG_COMPILER_APPICON_NAME = AppIcon;
				ASSETCATALOG_COMPILER_GLOBAL_ACCENT_COLOR_NAME = AccentColor;
				CODE_SIGN_STYLE = Automatic;
				CURRENT_PROJECT_VERSION = 1;
				DEVELOPMENT_ASSET_PATHS = "\"Fastlane-Example/Preview Content\"";
				DEVELOPMENT_TEAM = DC8GM39E89;
				ENABLE_PREVIEWS = YES;
				GENERATE_INFOPLIST_FILE = YES;
				INFOPLIST_KEY_UIApplicationSceneManifest_Generation = YES;
				INFOPLIST_KEY_UIApplicationSupportsIndirectInputEvents = YES;
				INFOPLIST_KEY_UILaunchScreen_Generation = YES;
				INFOPLIST_KEY_UISupportedInterfaceOrientations_iPad = "UIInterfaceOrientationPortrait UIInterfaceOrientationPortraitUpsideDown UIInterfaceOrientationLandscapeLeft UIInterfaceOrientationLandscapeRight";
				INFOPLIST_KEY_UISupportedInterfaceOrientations_iPhone = "UIInterfaceOrientationPortrait UIInterfaceOrientationLandscapeLeft UIInterfaceOrientationLandscapeRight";
				LD_RUNPATH_SEARCH_PATHS = (
					"$(inherited)",
					"@executable_path/Frameworks",
				);
				MARKETING_VERSION = 1.0;
				PRODUCT_BUNDLE_IDENTIFIER = "com.ukseung.Fastlane-Example";
				PRODUCT_NAME = "$(TARGET_NAME)";
				SWIFT_EMIT_LOC_STRINGS = YES;
				SWIFT_VERSION = 5.0;
				TARGETED_DEVICE_FAMILY = "1,2";
			};
			name = Release;
		};
		ACBE8A532CE723B2001B8110 /* Debug */ = {
			isa = XCBuildConfiguration;
			buildSettings = {
				ALWAYS_EMBED_SWIFT_STANDARD_LIBRARIES = YES;
				BUNDLE_LOADER = "$(TEST_HOST)";
				CODE_SIGN_STYLE = Automatic;
				CURRENT_PROJECT_VERSION = 1;
				DEVELOPMENT_TEAM = DC8GM39E89;
				GENERATE_INFOPLIST_FILE = YES;
				IPHONEOS_DEPLOYMENT_TARGET = 17.5;
				MARKETING_VERSION = 1.0;
				PRODUCT_BUNDLE_IDENTIFIER = "com.jobplanet.Fastlane-ExampleTests";
				PRODUCT_NAME = "$(TARGET_NAME)";
				SWIFT_EMIT_LOC_STRINGS = NO;
				SWIFT_VERSION = 5.0;
				TARGETED_DEVICE_FAMILY = "1,2";
				TEST_HOST = "$(BUILT_PRODUCTS_DIR)/Fastlane-Example.app/$(BUNDLE_EXECUTABLE_FOLDER_PATH)/Fastlane-Example";
			};
			name = Debug;
		};
		ACBE8A542CE723B2001B8110 /* Release */ = {
			isa = XCBuildConfiguration;
			buildSettings = {
				ALWAYS_EMBED_SWIFT_STANDARD_LIBRARIES = YES;
				BUNDLE_LOADER = "$(TEST_HOST)";
				CODE_SIGN_STYLE = Automatic;
				CURRENT_PROJECT_VERSION = 1;
				DEVELOPMENT_TEAM = DC8GM39E89;
				GENERATE_INFOPLIST_FILE = YES;
				IPHONEOS_DEPLOYMENT_TARGET = 17.5;
				MARKETING_VERSION = 1.0;
				PRODUCT_BUNDLE_IDENTIFIER = "com.jobplanet.Fastlane-ExampleTests";
				PRODUCT_NAME = "$(TARGET_NAME)";
				SWIFT_EMIT_LOC_STRINGS = NO;
				SWIFT_VERSION = 5.0;
				TARGETED_DEVICE_FAMILY = "1,2";
				TEST_HOST = "$(BUILT_PRODUCTS_DIR)/Fastlane-Example.app/$(BUNDLE_EXECUTABLE_FOLDER_PATH)/Fastlane-Example";
			};
			name = Release;
		};
		ACBE8A562CE723B2001B8110 /* Debug */ = {
			isa = XCBuildConfiguration;
			buildSettings = {
				ALWAYS_EMBED_SWIFT_STANDARD_LIBRARIES = YES;
				CODE_SIGN_STYLE = Automatic;
				CURRENT_PROJECT_VERSION = 1;
				DEVELOPMENT_TEAM = DC8GM39E89;
				GENERATE_INFOPLIST_FILE = YES;
				MARKETING_VERSION = 1.0;
				PRODUCT_BUNDLE_IDENTIFIER = "com.jobplanet.Fastlane-ExampleUITests";
				PRODUCT_NAME = "$(TARGET_NAME)";
				SWIFT_EMIT_LOC_STRINGS = NO;
				SWIFT_VERSION = 5.0;
				TARGETED_DEVICE_FAMILY = "1,2";
				TEST_TARGET_NAME = "Fastlane-Example";
			};
			name = Debug;
		};
		ACBE8A572CE723B2001B8110 /* Release */ = {
			isa = XCBuildConfiguration;
			buildSettings = {
				ALWAYS_EMBED_SWIFT_STANDARD_LIBRARIES = YES;
				CODE_SIGN_STYLE = Automatic;
				CURRENT_PROJECT_VERSION = 1;
				DEVELOPMENT_TEAM = DC8GM39E89;
				GENERATE_INFOPLIST_FILE = YES;
				MARKETING_VERSION = 1.0;
				PRODUCT_BUNDLE_IDENTIFIER = "com.jobplanet.Fastlane-ExampleUITests";
				PRODUCT_NAME = "$(TARGET_NAME)";
				SWIFT_EMIT_LOC_STRINGS = NO;
				SWIFT_VERSION = 5.0;
				TARGETED_DEVICE_FAMILY = "1,2";
				TEST_TARGET_NAME = "Fastlane-Example";
			};
			name = Release;
		};
/* End XCBuildConfiguration section */

/* Begin XCConfigurationList section */
		ACBE8A262CE723B0001B8110 /* Build configuration list for PBXProject "Fastlane-Example" */ = {
			isa = XCConfigurationList;
			buildConfigurations = (
				ACBE8A4D2CE723B2001B8110 /* Debug */,
				ACBE8A4E2CE723B2001B8110 /* Release */,
			);
			defaultConfigurationIsVisible = 0;
			defaultConfigurationName = Release;
		};
		ACBE8A4F2CE723B2001B8110 /* Build configuration list for PBXNativeTarget "Fastlane-Example" */ = {
			isa = XCConfigurationList;
			buildConfigurations = (
				ACBE8A502CE723B2001B8110 /* Debug */,
				ACBE8A512CE723B2001B8110 /* Release */,
			);
			defaultConfigurationIsVisible = 0;
			defaultConfigurationName = Release;
		};
		ACBE8A522CE723B2001B8110 /* Build configuration list for PBXNativeTarget "Fastlane-ExampleTests" */ = {
			isa = XCConfigurationList;
			buildConfigurations = (
				ACBE8A532CE723B2001B8110 /* Debug */,
				ACBE8A542CE723B2001B8110 /* Release */,
			);
			defaultConfigurationIsVisible = 0;
			defaultConfigurationName = Release;
		};
		ACBE8A552CE723B2001B8110 /* Build configuration list for PBXNativeTarget "Fastlane-ExampleUITests" */ = {
			isa = XCConfigurationList;
			buildConfigurations = (
				ACBE8A562CE723B2001B8110 /* Debug */,
				ACBE8A572CE723B2001B8110 /* Release */,
			);
			defaultConfigurationIsVisible = 0;
			defaultConfigurationName = Release;
		};
/* End XCConfigurationList section */
	};
	rootObject = ACBE8A232CE723B0001B8110 /* Project object */;
}
